<?xml version="1.0" encoding="utf-8"?>
<Project ToolsVersion="4.0" xmlns="http://schemas.microsoft.com/developer/msbuild/2003">
  <ItemGroup>
    <Filter Include="Source Files">
      <UniqueIdentifier>{4FC737F1-C7A5-4376-A066-2A32D752A2FF}</UniqueIdentifier>
      <Extensions>cpp;c;cc;cxx;c++;cppm;ixx;def;odl;idl;hpj;bat;asm;asmx</Extensions>
    </Filter>
    <Filter Include="Header Files">
      <UniqueIdentifier>{93995380-89BD-4b04-88EB-625FBE52EBFB}</UniqueIdentifier>
      <Extensions>h;hh;hpp;hxx;h++;hm;inl;inc;ipp;xsd</Extensions>
    </Filter>
    <Filter Include="Resource Files">
      <UniqueIdentifier>{67DA6AB6-F800-4c08-8B7A-83BB121AAD01}</UniqueIdentifier>
      <Extensions>rc;ico;cur;bmp;dlg;rc2;rct;bin;rgs;gif;jpg;jpeg;jpe;resx;tiff;tif;png;wav;mfcribbon-ms</Extensions>
    </Filter>
    <Filter Include="Source Files\Window">
      <UniqueIdentifier>{27b32949-38ae-485c-af75-c4c0053facc7}</UniqueIdentifier>
    </Filter>
    <Filter Include="Source Files\Camera">
      <UniqueIdentifier>{c76f4839-1c61-42c7-8c7e-f1d2e394ed1a}</UniqueIdentifier>
    </Filter>
    <Filter Include="Source Files\GameObjectManager">
      <UniqueIdentifier>{8ae85c67-4f8e-469d-9589-f3c6b97691ce}</UniqueIdentifier>
    </Filter>
    <Filter Include="Source Files\Editor">
      <UniqueIdentifier>{37b913fd-2548-4d5d-ae4d-d717dce71c23}</UniqueIdentifier>
    </Filter>
    <Filter Include="Source Files\Editor\ImGui">
      <UniqueIdentifier>{a798900e-8890-49a5-95d6-893ff6a98072}</UniqueIdentifier>
    </Filter>
    <Filter Include="Source Files\Utils">
      <UniqueIdentifier>{d1650f05-8624-4d3c-8bd0-3f00f0aa5456}</UniqueIdentifier>
    </Filter>
    <Filter Include="Source Files\InputManager">
      <UniqueIdentifier>{0df98543-6736-4418-9011-dc36609cc07c}</UniqueIdentifier>
    </Filter>
    <Filter Include="Source Files\ResourceManager">
      <UniqueIdentifier>{fe216754-c7da-4be3-b4bc-59346fcf3331}</UniqueIdentifier>
    </Filter>
    <Filter Include="Source Files\ResourceManager\Resource">
      <UniqueIdentifier>{34f0ba34-664e-4e6d-9406-4b4ff04d6e51}</UniqueIdentifier>
    </Filter>
    <Filter Include="Source Files\GameObjectManager\GameObject">
      <UniqueIdentifier>{8f487f21-7195-4648-9d65-e3940d208870}</UniqueIdentifier>
    </Filter>
    <Filter Include="Source Files\GFX">
      <UniqueIdentifier>{7948b88e-dbc2-42ae-b316-d04b6fcae817}</UniqueIdentifier>
    </Filter>
    <Filter Include="Source Files\GFX\RenderManager">
      <UniqueIdentifier>{11c03625-7b2d-4807-9ed2-684f873f0d72}</UniqueIdentifier>
    </Filter>
    <Filter Include="Source Files\GFX\Model">
      <UniqueIdentifier>{f6c2d019-8e2a-4f54-89d9-956edfaf91bb}</UniqueIdentifier>
    </Filter>
    <Filter Include="Source Files\GFX\Material">
      <UniqueIdentifier>{ca7323f7-55d8-4c98-bb53-c1968a62745a}</UniqueIdentifier>
    </Filter>
    <Filter Include="Source Files\GFX\Light">
      <UniqueIdentifier>{7d82a2c7-71d4-41bd-ae96-1495bd6e4d7b}</UniqueIdentifier>
    </Filter>
    <Filter Include="Source Files\GFX\Color">
      <UniqueIdentifier>{ae238197-2c5d-4e75-930d-bd93b1a3f1d8}</UniqueIdentifier>
    </Filter>
    <Filter Include="Source Files\GFX\Shader">
      <UniqueIdentifier>{ca66cb1a-2cc7-4242-a241-b16442374181}</UniqueIdentifier>
    </Filter>
    <Filter Include="Source Files\GFX\Texture">
      <UniqueIdentifier>{71068490-a3b9-4aaf-bbaf-052c32ec69db}</UniqueIdentifier>
    </Filter>
    <Filter Include="Source Files\ResourceManager\JSON">
      <UniqueIdentifier>{a07d753d-2161-4bc2-82df-5254c5877ec8}</UniqueIdentifier>
    </Filter>
    <Filter Include="Source Files\GFX\GBuffer">
      <UniqueIdentifier>{8a2bf8a4-70a1-454c-8ebc-f04aa4674985}</UniqueIdentifier>
    </Filter>
    <Filter Include="Source Files\GFX\FrameBuffer">
      <UniqueIdentifier>{035900e3-a70c-425e-a163-8efea8a1660d}</UniqueIdentifier>
    </Filter>
    <Filter Include="Source Files\GFX\Decal">
      <UniqueIdentifier>{e67b728d-4e88-4e77-ae10-16ce7cc6bd51}</UniqueIdentifier>
    </Filter>
    <Filter Include="Source Files\GFX\BloomBuffer">
      <UniqueIdentifier>{616307ae-6d6e-4160-ad58-4f139351d668}</UniqueIdentifier>
    </Filter>
    <Filter Include="Source Files\GFX\DecalBuffer">
      <UniqueIdentifier>{956be17d-e01a-4d94-bf83-16b40954f52c}</UniqueIdentifier>
    </Filter>
    <Filter Include="Source Files\GFX\AOBuffer">
      <UniqueIdentifier>{bb410cfe-0434-4873-a326-2c168f0d46db}</UniqueIdentifier>
    </Filter>
    <Filter Include="Source Files\Animation">
      <UniqueIdentifier>{60fa0e11-e0e1-4ca5-b09f-f3182cfef39e}</UniqueIdentifier>
    </Filter>
    <Filter Include="Source Files\Raytracing">
      <UniqueIdentifier>{1dabe764-bce2-401a-a69c-58f3035e4800}</UniqueIdentifier>
    </Filter>
    <Filter Include="Source Files\Multithreading">
      <UniqueIdentifier>{6e23d464-5799-4d40-91cf-fbf7f3fd7285}</UniqueIdentifier>
    </Filter>
    <Filter Include="Source Files\Component System">
      <UniqueIdentifier>{ade7e1cb-a2be-47d3-ad0e-e40e6441efae}</UniqueIdentifier>
    </Filter>
  </ItemGroup>
  <ItemGroup>
    <ClCompile Include="src\main.cpp">
      <Filter>Source Files</Filter>
    </ClCompile>
    <ClCompile Include="src\Utils.cpp">
      <Filter>Source Files\Utils</Filter>
    </ClCompile>
    <ClCompile Include="src\Window.cpp">
      <Filter>Source Files\Window</Filter>
    </ClCompile>
    <ClCompile Include="src\Shader.cpp">
      <Filter>Source Files\GFX\Shader</Filter>
    </ClCompile>
    <ClCompile Include="src\Editor.cpp">
      <Filter>Source Files\Editor</Filter>
    </ClCompile>
    <ClCompile Include="src\imgui\imgui.cpp">
      <Filter>Source Files\Editor\ImGui</Filter>
    </ClCompile>
    <ClCompile Include="src\imgui\imgui_demo.cpp">
      <Filter>Source Files\Editor\ImGui</Filter>
    </ClCompile>
    <ClCompile Include="src\imgui\imgui_draw.cpp">
      <Filter>Source Files\Editor\ImGui</Filter>
    </ClCompile>
    <ClCompile Include="src\imgui\imgui_impl_opengl3.cpp">
      <Filter>Source Files\Editor\ImGui</Filter>
    </ClCompile>
    <ClCompile Include="src\imgui\imgui_impl_sdl.cpp">
      <Filter>Source Files\Editor\ImGui</Filter>
    </ClCompile>
    <ClCompile Include="src\imgui\imgui_tables.cpp">
      <Filter>Source Files\Editor\ImGui</Filter>
    </ClCompile>
    <ClCompile Include="src\imgui\imgui_widgets.cpp">
      <Filter>Source Files\Editor\ImGui</Filter>
    </ClCompile>
    <ClCompile Include="src\InputManager.cpp">
      <Filter>Source Files\InputManager</Filter>
    </ClCompile>
    <ClCompile Include="src\GameObjectManager.cpp">
      <Filter>Source Files\GameObjectManager</Filter>
    </ClCompile>
    <ClCompile Include="src\Color.cpp">
      <Filter>Source Files\GFX\Color</Filter>
    </ClCompile>
    <ClCompile Include="src\GameObject.cpp">
      <Filter>Source Files\GameObjectManager\GameObject</Filter>
    </ClCompile>
    <ClCompile Include="src\Camera.cpp">
      <Filter>Source Files\Camera</Filter>
    </ClCompile>
    <ClCompile Include="src\RenderManager.cpp">
      <Filter>Source Files\GFX\RenderManager</Filter>
    </ClCompile>
    <ClCompile Include="src\Light.cpp">
      <Filter>Source Files\GFX\Light</Filter>
    </ClCompile>
    <ClCompile Include="src\ResourceManager.cpp">
      <Filter>Source Files\ResourceManager</Filter>
    </ClCompile>
    <ClCompile Include="src\Texture.cpp">
      <Filter>Source Files\GFX\Texture</Filter>
    </ClCompile>
    <ClCompile Include="src\Resource.cpp">
      <Filter>Source Files\ResourceManager\Resource</Filter>
    </ClCompile>
    <ClCompile Include="src\Model.cpp">
      <Filter>Source Files\GFX\Model</Filter>
    </ClCompile>
    <ClCompile Include="src\Material.cpp">
      <Filter>Source Files\GFX\Material</Filter>
    </ClCompile>
    <ClCompile Include="src\JSON.cpp">
      <Filter>Source Files\ResourceManager\JSON</Filter>
    </ClCompile>
    <ClCompile Include="src\GBuffer.cpp">
      <Filter>Source Files\GFX\GBuffer</Filter>
    </ClCompile>
    <ClCompile Include="src\FrameBuffer.cpp">
      <Filter>Source Files\GFX\FrameBuffer</Filter>
    </ClCompile>
    <ClCompile Include="src\Decal.cpp">
      <Filter>Source Files\GFX\Decal</Filter>
    </ClCompile>
    <ClCompile Include="src\BloomBuffer.cpp">
      <Filter>Source Files\GFX\BloomBuffer</Filter>
    </ClCompile>
    <ClCompile Include="src\DecalBuffer.cpp">
      <Filter>Source Files\GFX\DecalBuffer</Filter>
    </ClCompile>
    <ClCompile Include="src\AOBuffer.cpp">
      <Filter>Source Files\GFX\AOBuffer</Filter>
    </ClCompile>
  </ItemGroup>
  <ItemGroup>
    <ClInclude Include="src\Utils.h">
      <Filter>Source Files\Utils</Filter>
    </ClInclude>
    <ClInclude Include="src\Window.h">
      <Filter>Source Files\Window</Filter>
    </ClInclude>
    <ClInclude Include="src\Shader.h">
      <Filter>Source Files\GFX\Shader</Filter>
    </ClInclude>
    <ClInclude Include="src\Editor.h">
      <Filter>Source Files\Editor</Filter>
    </ClInclude>
    <ClInclude Include="src\Framework.h">
      <Filter>Source Files</Filter>
    </ClInclude>
    <ClInclude Include="src\imgui\imconfig.h">
      <Filter>Source Files\Editor\ImGui</Filter>
    </ClInclude>
    <ClInclude Include="src\imgui\imgui.h">
      <Filter>Source Files\Editor\ImGui</Filter>
    </ClInclude>
    <ClInclude Include="src\imgui\imgui_impl_opengl3.h">
      <Filter>Source Files\Editor\ImGui</Filter>
    </ClInclude>
    <ClInclude Include="src\imgui\imgui_impl_sdl.h">
      <Filter>Source Files\Editor\ImGui</Filter>
    </ClInclude>
    <ClInclude Include="src\imgui\imgui_internal.h">
      <Filter>Source Files\Editor\ImGui</Filter>
    </ClInclude>
    <ClInclude Include="src\imgui\imstb_rectpack.h">
      <Filter>Source Files\Editor\ImGui</Filter>
    </ClInclude>
    <ClInclude Include="src\imgui\imstb_textedit.h">
      <Filter>Source Files\Editor\ImGui</Filter>
    </ClInclude>
    <ClInclude Include="src\imgui\imstb_truetype.h">
      <Filter>Source Files\Editor\ImGui</Filter>
    </ClInclude>
    <ClInclude Include="src\imgui\imgui_impl_opengl3_loader.h">
      <Filter>Source Files\Editor\ImGui</Filter>
    </ClInclude>
    <ClInclude Include="src\InputManager.h">
      <Filter>Source Files\InputManager</Filter>
    </ClInclude>
    <ClInclude Include="src\GameObjectManager.h">
      <Filter>Source Files\GameObjectManager</Filter>
    </ClInclude>
    <ClInclude Include="src\GameObject.h">
      <Filter>Source Files\GameObjectManager\GameObject</Filter>
    </ClInclude>
    <ClInclude Include="src\Color.h">
      <Filter>Source Files\GFX\Color</Filter>
    </ClInclude>
    <ClInclude Include="src\Camera.h">
      <Filter>Source Files\Camera</Filter>
    </ClInclude>
    <ClInclude Include="src\Light.h">
      <Filter>Source Files\GFX\Light</Filter>
    </ClInclude>
    <ClInclude Include="src\RenderManager.h">
      <Filter>Source Files\GFX\RenderManager</Filter>
    </ClInclude>
    <ClInclude Include="src\ResourceManager.h">
      <Filter>Source Files\ResourceManager</Filter>
    </ClInclude>
    <ClInclude Include="src\Texture.h">
      <Filter>Source Files\GFX\Texture</Filter>
    </ClInclude>
    <ClInclude Include="src\Model.h">
      <Filter>Source Files\GFX\Model</Filter>
    </ClInclude>
    <ClInclude Include="src\Resource.h">
      <Filter>Source Files\ResourceManager\Resource</Filter>
    </ClInclude>
    <ClInclude Include="src\Material.h">
      <Filter>Source Files\GFX\Material</Filter>
    </ClInclude>
    <ClInclude Include="src\JSON.h">
      <Filter>Source Files\ResourceManager\JSON</Filter>
    </ClInclude>
    <ClInclude Include="src\GBuffer.h">
      <Filter>Source Files\GFX\GBuffer</Filter>
    </ClInclude>
    <ClInclude Include="src\FrameBuffer.h">
      <Filter>Source Files\GFX\FrameBuffer</Filter>
    </ClInclude>
    <ClInclude Include="src\Decal.h">
      <Filter>Source Files\GFX\Decal</Filter>
    </ClInclude>
    <ClInclude Include="src\BloomBuffer.h">
      <Filter>Source Files\GFX\BloomBuffer</Filter>
    </ClInclude>
    <ClInclude Include="src\DecalBuffer.h">
      <Filter>Source Files\GFX\DecalBuffer</Filter>
    </ClInclude>
    <ClInclude Include="src\AOBuffer.h">
      <Filter>Source Files\GFX\AOBuffer</Filter>
    </ClInclude>
  </ItemGroup>
</Project>